Microsoft Visual Studio Solution File, Format Version 12.00
# Visual Studio Version 17
VisualStudioVersion = 17.5.2.0
MinimumVisualStudioVersion = 10.0.40219.1
Project("{FAE04EC0-301F-11D3-BF4B-00C04F79EFBC}") = "KaziChapChap.API", "KaziChapChap.API.csproj", "{217AE57C-9FE1-68A4-1039-88BEE3F413D0}"
EndProject
Global
	GlobalSection(SolutionConfigurationPlatforms) = preSolution
		Debug|Any CPU = Debug|Any CPU
		Release|Any CPU = Release|Any CPU
	EndGlobalSection
	GlobalSection(ProjectConfigurationPlatforms) = postSolution
		{217AE57C-9FE1-68A4-1039-88BEE3F413D0}.Debug|Any CPU.ActiveCfg = Debug|Any CPU
		{217AE57C-9FE1-68A4-1039-88BEE3F413D0}.Debug|Any CPU.Build.0 = Debug|Any CPU
		{217AE57C-9FE1-68A4-1039-88BEE3F413D0}.Release|Any CPU.ActiveCfg = Release|Any CPU
		{217AE57C-9FE1-68A4-1039-88BEE3F413D0}.Release|Any CPU.Build.0 = Release|Any CPU
	EndGlobalSection
	GlobalSection(SolutionProperties) = preSolution
		HideSolutionNode = FALSE
	EndGlobalSection
	GlobalSection(ExtensibilityGlobals) = postSolution
		SolutionGuid = {E10471CB-7AE7-48E2-9E9D-9A87CFF8A7E6}
	EndGlobalSection
EndGlobal
